
Microsoft Visual Studio Solution File, Format Version 12.00
# Visual Studio Version 16
VisualStudioVersion = 16.0.28922.388
MinimumVisualStudioVersion = 10.0.40219.1
Project("{FAE04EC0-301F-11D3-BF4B-00C04F79EFBC}") = "MobileShell", "MobileShell.csproj", "{20A943EC-4BF8-4A5D-A626-F5733CFEEEEE}"
EndProject
Project("{C7167F0D-BC9F-4E6E-AFE1-012C56B48DB5}") = "MobileShell_Installer", "..\MobileShellPackaging\MobileShell_Installer.wapproj", "{FB339A65-5B8B-4E32-AB88-1795DF22CDC6}"
EndProject
Project("{FAE04EC0-301F-11D3-BF4B-00C04F79EFBC}") = "MobileShellSettings", "..\MobileShellSettings\MobileShellSettings.csproj", "{2B796BBC-6B91-432E-A821-15AC33901135}"
EndProject
Project("{FAE04EC0-301F-11D3-BF4B-00C04F79EFBC}") = "MobileShellServer", "..\MobileShellServer\MobileShellServer.csproj", "{B23746DF-6A13-468E-B481-60AC31D6169B}"
Project("{FAE04EC0-301F-11D3-BF4B-00C04F79EFBC}") = "Austin3App", "..\Austin3App\Austin3App.csproj", "{145707DC-A1F3-4DE6-B0F2-2B5E24C05155}"
EndProject
Project("{FAE04EC0-301F-11D3-BF4B-00C04F79EFBC}") = "ZU.Shared.Wpf", "..\ZU.Shared.Wpf\ZU.Shared.Wpf.csproj", "{89955544-91A1-472D-A337-56142620E864}"
EndProject
Project("{2150E333-8FDC-42A3-9474-1A3956D46DE8}") = "Journal", "Journal", "{C1095EB0-C578-4BC0-AF7F-8E9A23AC28FD}"
EndProject
Project("{FAE04EC0-301F-11D3-BF4B-00C04F79EFBC}") = "Austin3Core", "..\Austin3Core\Austin3Core.csproj", "{B00A11F2-E99C-47CA-8202-37BD1A59DEB9}"
EndProject
Project("{FAE04EC0-301F-11D3-BF4B-00C04F79EFBC}") = "Austin3.Main", "..\Austin3.Main\Austin3.Main.csproj", "{7C783C75-2832-46E3-BE5A-3086059F88DA}"
EndProject
Project("{FAE04EC0-301F-11D3-BF4B-00C04F79EFBC}") = "ZU.Shared.Wpf.Controls", "..\ZU.Shared.Wpf.Controls\ZU.Shared.Wpf.Controls.csproj", "{DBC99C0E-F918-4E3B-B154-C03E212D8ACA}"
EndProject
Global
	GlobalSection(SolutionConfigurationPlatforms) = preSolution
		Debug|Any CPU = Debug|Any CPU
		Debug|ARM = Debug|ARM
		Debug|ARM64 = Debug|ARM64
		Debug|x64 = Debug|x64
		Debug|x86 = Debug|x86
		Release|Any CPU = Release|Any CPU
		Release|ARM = Release|ARM
		Release|ARM64 = Release|ARM64
		Release|x64 = Release|x64
		Release|x86 = Release|x86
	EndGlobalSection
	GlobalSection(ProjectConfigurationPlatforms) = postSolution
		{20A943EC-4BF8-4A5D-A626-F5733CFEEEEE}.Debug|Any CPU.ActiveCfg = Debug|Any CPU
		{20A943EC-4BF8-4A5D-A626-F5733CFEEEEE}.Debug|Any CPU.Build.0 = Debug|Any CPU
		{20A943EC-4BF8-4A5D-A626-F5733CFEEEEE}.Debug|ARM.ActiveCfg = Debug|Any CPU
		{20A943EC-4BF8-4A5D-A626-F5733CFEEEEE}.Debug|ARM.Build.0 = Debug|Any CPU
		{20A943EC-4BF8-4A5D-A626-F5733CFEEEEE}.Debug|ARM64.ActiveCfg = Debug|Any CPU
		{20A943EC-4BF8-4A5D-A626-F5733CFEEEEE}.Debug|ARM64.Build.0 = Debug|Any CPU
		{20A943EC-4BF8-4A5D-A626-F5733CFEEEEE}.Debug|x64.ActiveCfg = Debug|Any CPU
		{20A943EC-4BF8-4A5D-A626-F5733CFEEEEE}.Debug|x64.Build.0 = Debug|Any CPU
		{20A943EC-4BF8-4A5D-A626-F5733CFEEEEE}.Debug|x86.ActiveCfg = Debug|Any CPU
		{20A943EC-4BF8-4A5D-A626-F5733CFEEEEE}.Debug|x86.Build.0 = Debug|Any CPU
		{20A943EC-4BF8-4A5D-A626-F5733CFEEEEE}.Release|Any CPU.ActiveCfg = Release|Any CPU
		{20A943EC-4BF8-4A5D-A626-F5733CFEEEEE}.Release|Any CPU.Build.0 = Release|Any CPU
		{20A943EC-4BF8-4A5D-A626-F5733CFEEEEE}.Release|ARM.ActiveCfg = Release|Any CPU
		{20A943EC-4BF8-4A5D-A626-F5733CFEEEEE}.Release|ARM.Build.0 = Release|Any CPU
		{20A943EC-4BF8-4A5D-A626-F5733CFEEEEE}.Release|ARM64.ActiveCfg = Release|Any CPU
		{20A943EC-4BF8-4A5D-A626-F5733CFEEEEE}.Release|ARM64.Build.0 = Release|Any CPU
		{20A943EC-4BF8-4A5D-A626-F5733CFEEEEE}.Release|x64.ActiveCfg = Release|Any CPU
		{20A943EC-4BF8-4A5D-A626-F5733CFEEEEE}.Release|x64.Build.0 = Release|Any CPU
		{20A943EC-4BF8-4A5D-A626-F5733CFEEEEE}.Release|x86.ActiveCfg = Release|Any CPU
		{20A943EC-4BF8-4A5D-A626-F5733CFEEEEE}.Release|x86.Build.0 = Release|Any CPU
		{FB339A65-5B8B-4E32-AB88-1795DF22CDC6}.Debug|Any CPU.ActiveCfg = Debug|Any CPU
		{FB339A65-5B8B-4E32-AB88-1795DF22CDC6}.Debug|Any CPU.Build.0 = Debug|Any CPU
		{FB339A65-5B8B-4E32-AB88-1795DF22CDC6}.Debug|Any CPU.Deploy.0 = Debug|Any CPU
		{FB339A65-5B8B-4E32-AB88-1795DF22CDC6}.Debug|ARM.ActiveCfg = Debug|ARM
		{FB339A65-5B8B-4E32-AB88-1795DF22CDC6}.Debug|ARM.Build.0 = Debug|ARM
		{FB339A65-5B8B-4E32-AB88-1795DF22CDC6}.Debug|ARM.Deploy.0 = Debug|ARM
		{FB339A65-5B8B-4E32-AB88-1795DF22CDC6}.Debug|ARM64.ActiveCfg = Debug|ARM64
		{FB339A65-5B8B-4E32-AB88-1795DF22CDC6}.Debug|ARM64.Build.0 = Debug|ARM64
		{FB339A65-5B8B-4E32-AB88-1795DF22CDC6}.Debug|ARM64.Deploy.0 = Debug|ARM64
		{FB339A65-5B8B-4E32-AB88-1795DF22CDC6}.Debug|x64.ActiveCfg = Debug|x64
		{FB339A65-5B8B-4E32-AB88-1795DF22CDC6}.Debug|x64.Build.0 = Debug|x64
		{FB339A65-5B8B-4E32-AB88-1795DF22CDC6}.Debug|x64.Deploy.0 = Debug|x64
		{FB339A65-5B8B-4E32-AB88-1795DF22CDC6}.Debug|x86.ActiveCfg = Debug|x86
		{FB339A65-5B8B-4E32-AB88-1795DF22CDC6}.Debug|x86.Build.0 = Debug|x86
		{FB339A65-5B8B-4E32-AB88-1795DF22CDC6}.Debug|x86.Deploy.0 = Debug|x86
		{FB339A65-5B8B-4E32-AB88-1795DF22CDC6}.Release|Any CPU.ActiveCfg = Release|Any CPU
		{FB339A65-5B8B-4E32-AB88-1795DF22CDC6}.Release|Any CPU.Build.0 = Release|Any CPU
		{FB339A65-5B8B-4E32-AB88-1795DF22CDC6}.Release|Any CPU.Deploy.0 = Release|Any CPU
		{FB339A65-5B8B-4E32-AB88-1795DF22CDC6}.Release|ARM.ActiveCfg = Release|ARM
		{FB339A65-5B8B-4E32-AB88-1795DF22CDC6}.Release|ARM.Build.0 = Release|ARM
		{FB339A65-5B8B-4E32-AB88-1795DF22CDC6}.Release|ARM.Deploy.0 = Release|ARM
		{FB339A65-5B8B-4E32-AB88-1795DF22CDC6}.Release|ARM64.ActiveCfg = Release|ARM64
		{FB339A65-5B8B-4E32-AB88-1795DF22CDC6}.Release|ARM64.Build.0 = Release|ARM64
		{FB339A65-5B8B-4E32-AB88-1795DF22CDC6}.Release|ARM64.Deploy.0 = Release|ARM64
		{FB339A65-5B8B-4E32-AB88-1795DF22CDC6}.Release|x64.ActiveCfg = Release|x64
		{FB339A65-5B8B-4E32-AB88-1795DF22CDC6}.Release|x64.Build.0 = Release|x64
		{FB339A65-5B8B-4E32-AB88-1795DF22CDC6}.Release|x64.Deploy.0 = Release|x64
		{FB339A65-5B8B-4E32-AB88-1795DF22CDC6}.Release|x86.ActiveCfg = Release|x86
		{FB339A65-5B8B-4E32-AB88-1795DF22CDC6}.Release|x86.Build.0 = Release|x86
		{FB339A65-5B8B-4E32-AB88-1795DF22CDC6}.Release|x86.Deploy.0 = Release|x86
		{2B796BBC-6B91-432E-A821-15AC33901135}.Debug|Any CPU.ActiveCfg = Debug|x86
		{2B796BBC-6B91-432E-A821-15AC33901135}.Debug|ARM.ActiveCfg = Debug|ARM
		{2B796BBC-6B91-432E-A821-15AC33901135}.Debug|ARM.Build.0 = Debug|ARM
		{2B796BBC-6B91-432E-A821-15AC33901135}.Debug|ARM.Deploy.0 = Debug|ARM
		{2B796BBC-6B91-432E-A821-15AC33901135}.Debug|ARM64.ActiveCfg = Debug|ARM64
		{2B796BBC-6B91-432E-A821-15AC33901135}.Debug|ARM64.Build.0 = Debug|ARM64
		{2B796BBC-6B91-432E-A821-15AC33901135}.Debug|ARM64.Deploy.0 = Debug|ARM64
		{2B796BBC-6B91-432E-A821-15AC33901135}.Debug|x64.ActiveCfg = Debug|x64
		{2B796BBC-6B91-432E-A821-15AC33901135}.Debug|x64.Build.0 = Debug|x64
		{2B796BBC-6B91-432E-A821-15AC33901135}.Debug|x64.Deploy.0 = Debug|x64
		{2B796BBC-6B91-432E-A821-15AC33901135}.Debug|x86.ActiveCfg = Debug|x86
		{2B796BBC-6B91-432E-A821-15AC33901135}.Debug|x86.Build.0 = Debug|x86
		{2B796BBC-6B91-432E-A821-15AC33901135}.Debug|x86.Deploy.0 = Debug|x86
		{2B796BBC-6B91-432E-A821-15AC33901135}.Release|Any CPU.ActiveCfg = Release|x86
		{2B796BBC-6B91-432E-A821-15AC33901135}.Release|ARM.ActiveCfg = Release|ARM
		{2B796BBC-6B91-432E-A821-15AC33901135}.Release|ARM.Build.0 = Release|ARM
		{2B796BBC-6B91-432E-A821-15AC33901135}.Release|ARM.Deploy.0 = Release|ARM
		{2B796BBC-6B91-432E-A821-15AC33901135}.Release|ARM64.ActiveCfg = Release|ARM64
		{2B796BBC-6B91-432E-A821-15AC33901135}.Release|ARM64.Build.0 = Release|ARM64
		{2B796BBC-6B91-432E-A821-15AC33901135}.Release|ARM64.Deploy.0 = Release|ARM64
		{2B796BBC-6B91-432E-A821-15AC33901135}.Release|x64.ActiveCfg = Release|x64
		{2B796BBC-6B91-432E-A821-15AC33901135}.Release|x64.Build.0 = Release|x64
		{2B796BBC-6B91-432E-A821-15AC33901135}.Release|x64.Deploy.0 = Release|x64
		{2B796BBC-6B91-432E-A821-15AC33901135}.Release|x86.ActiveCfg = Release|x86
		{2B796BBC-6B91-432E-A821-15AC33901135}.Release|x86.Build.0 = Release|x86
		{2B796BBC-6B91-432E-A821-15AC33901135}.Release|x86.Deploy.0 = Release|x86
		{B23746DF-6A13-468E-B481-60AC31D6169B}.Debug|Any CPU.ActiveCfg = Debug|Any CPU
		{B23746DF-6A13-468E-B481-60AC31D6169B}.Debug|Any CPU.Build.0 = Debug|Any CPU
		{B23746DF-6A13-468E-B481-60AC31D6169B}.Debug|ARM.ActiveCfg = Debug|Any CPU
		{B23746DF-6A13-468E-B481-60AC31D6169B}.Debug|ARM.Build.0 = Debug|Any CPU
		{B23746DF-6A13-468E-B481-60AC31D6169B}.Debug|ARM64.ActiveCfg = Debug|Any CPU
		{B23746DF-6A13-468E-B481-60AC31D6169B}.Debug|ARM64.Build.0 = Debug|Any CPU
		{B23746DF-6A13-468E-B481-60AC31D6169B}.Debug|x64.ActiveCfg = Debug|Any CPU
		{B23746DF-6A13-468E-B481-60AC31D6169B}.Debug|x64.Build.0 = Debug|Any CPU
		{B23746DF-6A13-468E-B481-60AC31D6169B}.Debug|x86.ActiveCfg = Debug|Any CPU
		{B23746DF-6A13-468E-B481-60AC31D6169B}.Debug|x86.Build.0 = Debug|Any CPU
		{B23746DF-6A13-468E-B481-60AC31D6169B}.Release|Any CPU.ActiveCfg = Release|Any CPU
		{B23746DF-6A13-468E-B481-60AC31D6169B}.Release|Any CPU.Build.0 = Release|Any CPU
		{B23746DF-6A13-468E-B481-60AC31D6169B}.Release|ARM.ActiveCfg = Release|Any CPU
		{B23746DF-6A13-468E-B481-60AC31D6169B}.Release|ARM.Build.0 = Release|Any CPU
		{B23746DF-6A13-468E-B481-60AC31D6169B}.Release|ARM64.ActiveCfg = Release|Any CPU
		{B23746DF-6A13-468E-B481-60AC31D6169B}.Release|ARM64.Build.0 = Release|Any CPU
		{B23746DF-6A13-468E-B481-60AC31D6169B}.Release|x64.ActiveCfg = Release|Any CPU
		{B23746DF-6A13-468E-B481-60AC31D6169B}.Release|x64.Build.0 = Release|Any CPU
		{B23746DF-6A13-468E-B481-60AC31D6169B}.Release|x86.ActiveCfg = Release|Any CPU
		{B23746DF-6A13-468E-B481-60AC31D6169B}.Release|x86.Build.0 = Release|Any CPU
		{145707DC-A1F3-4DE6-B0F2-2B5E24C05155}.Debug|Any CPU.ActiveCfg = Debug|Any CPU
		{145707DC-A1F3-4DE6-B0F2-2B5E24C05155}.Debug|Any CPU.Build.0 = Debug|Any CPU
		{145707DC-A1F3-4DE6-B0F2-2B5E24C05155}.Debug|ARM.ActiveCfg = Debug|Any CPU
		{145707DC-A1F3-4DE6-B0F2-2B5E24C05155}.Debug|ARM.Build.0 = Debug|Any CPU
		{145707DC-A1F3-4DE6-B0F2-2B5E24C05155}.Debug|ARM64.ActiveCfg = Debug|Any CPU
		{145707DC-A1F3-4DE6-B0F2-2B5E24C05155}.Debug|ARM64.Build.0 = Debug|Any CPU
		{145707DC-A1F3-4DE6-B0F2-2B5E24C05155}.Debug|x64.ActiveCfg = Debug|Any CPU
		{145707DC-A1F3-4DE6-B0F2-2B5E24C05155}.Debug|x64.Build.0 = Debug|Any CPU
		{145707DC-A1F3-4DE6-B0F2-2B5E24C05155}.Debug|x86.ActiveCfg = Debug|Any CPU
		{145707DC-A1F3-4DE6-B0F2-2B5E24C05155}.Debug|x86.Build.0 = Debug|Any CPU
		{145707DC-A1F3-4DE6-B0F2-2B5E24C05155}.Release|Any CPU.ActiveCfg = Release|Any CPU
		{145707DC-A1F3-4DE6-B0F2-2B5E24C05155}.Release|Any CPU.Build.0 = Release|Any CPU
		{145707DC-A1F3-4DE6-B0F2-2B5E24C05155}.Release|ARM.ActiveCfg = Release|Any CPU
		{145707DC-A1F3-4DE6-B0F2-2B5E24C05155}.Release|ARM.Build.0 = Release|Any CPU
		{145707DC-A1F3-4DE6-B0F2-2B5E24C05155}.Release|ARM64.ActiveCfg = Release|Any CPU
		{145707DC-A1F3-4DE6-B0F2-2B5E24C05155}.Release|ARM64.Build.0 = Release|Any CPU
		{145707DC-A1F3-4DE6-B0F2-2B5E24C05155}.Release|x64.ActiveCfg = Release|Any CPU
		{145707DC-A1F3-4DE6-B0F2-2B5E24C05155}.Release|x64.Build.0 = Release|Any CPU
		{145707DC-A1F3-4DE6-B0F2-2B5E24C05155}.Release|x86.ActiveCfg = Release|Any CPU
		{145707DC-A1F3-4DE6-B0F2-2B5E24C05155}.Release|x86.Build.0 = Release|Any CPU
		{89955544-91A1-472D-A337-56142620E864}.Debug|Any CPU.ActiveCfg = Debug|Any CPU
		{89955544-91A1-472D-A337-56142620E864}.Debug|Any CPU.Build.0 = Debug|Any CPU
		{89955544-91A1-472D-A337-56142620E864}.Debug|ARM.ActiveCfg = Debug|Any CPU
		{89955544-91A1-472D-A337-56142620E864}.Debug|ARM.Build.0 = Debug|Any CPU
		{89955544-91A1-472D-A337-56142620E864}.Debug|ARM64.ActiveCfg = Debug|Any CPU
		{89955544-91A1-472D-A337-56142620E864}.Debug|ARM64.Build.0 = Debug|Any CPU
		{89955544-91A1-472D-A337-56142620E864}.Debug|x64.ActiveCfg = Debug|Any CPU
		{89955544-91A1-472D-A337-56142620E864}.Debug|x64.Build.0 = Debug|Any CPU
		{89955544-91A1-472D-A337-56142620E864}.Debug|x86.ActiveCfg = Debug|Any CPU
		{89955544-91A1-472D-A337-56142620E864}.Debug|x86.Build.0 = Debug|Any CPU
		{89955544-91A1-472D-A337-56142620E864}.Release|Any CPU.ActiveCfg = Release|Any CPU
		{89955544-91A1-472D-A337-56142620E864}.Release|Any CPU.Build.0 = Release|Any CPU
		{89955544-91A1-472D-A337-56142620E864}.Release|ARM.ActiveCfg = Release|Any CPU
		{89955544-91A1-472D-A337-56142620E864}.Release|ARM.Build.0 = Release|Any CPU
		{89955544-91A1-472D-A337-56142620E864}.Release|ARM64.ActiveCfg = Release|Any CPU
		{89955544-91A1-472D-A337-56142620E864}.Release|ARM64.Build.0 = Release|Any CPU
		{89955544-91A1-472D-A337-56142620E864}.Release|x64.ActiveCfg = Release|Any CPU
		{89955544-91A1-472D-A337-56142620E864}.Release|x64.Build.0 = Release|Any CPU
		{89955544-91A1-472D-A337-56142620E864}.Release|x86.ActiveCfg = Release|Any CPU
		{89955544-91A1-472D-A337-56142620E864}.Release|x86.Build.0 = Release|Any CPU
		{B00A11F2-E99C-47CA-8202-37BD1A59DEB9}.Debug|Any CPU.ActiveCfg = Debug|Any CPU
		{B00A11F2-E99C-47CA-8202-37BD1A59DEB9}.Debug|Any CPU.Build.0 = Debug|Any CPU
		{B00A11F2-E99C-47CA-8202-37BD1A59DEB9}.Debug|ARM.ActiveCfg = Debug|Any CPU
		{B00A11F2-E99C-47CA-8202-37BD1A59DEB9}.Debug|ARM.Build.0 = Debug|Any CPU
		{B00A11F2-E99C-47CA-8202-37BD1A59DEB9}.Debug|ARM64.ActiveCfg = Debug|Any CPU
		{B00A11F2-E99C-47CA-8202-37BD1A59DEB9}.Debug|ARM64.Build.0 = Debug|Any CPU
		{B00A11F2-E99C-47CA-8202-37BD1A59DEB9}.Debug|x64.ActiveCfg = Debug|Any CPU
		{B00A11F2-E99C-47CA-8202-37BD1A59DEB9}.Debug|x64.Build.0 = Debug|Any CPU
		{B00A11F2-E99C-47CA-8202-37BD1A59DEB9}.Debug|x86.ActiveCfg = Debug|Any CPU
		{B00A11F2-E99C-47CA-8202-37BD1A59DEB9}.Debug|x86.Build.0 = Debug|Any CPU
		{B00A11F2-E99C-47CA-8202-37BD1A59DEB9}.Release|Any CPU.ActiveCfg = Release|Any CPU
		{B00A11F2-E99C-47CA-8202-37BD1A59DEB9}.Release|Any CPU.Build.0 = Release|Any CPU
		{B00A11F2-E99C-47CA-8202-37BD1A59DEB9}.Release|ARM.ActiveCfg = Release|Any CPU
		{B00A11F2-E99C-47CA-8202-37BD1A59DEB9}.Release|ARM.Build.0 = Release|Any CPU
		{B00A11F2-E99C-47CA-8202-37BD1A59DEB9}.Release|ARM64.ActiveCfg = Release|Any CPU
		{B00A11F2-E99C-47CA-8202-37BD1A59DEB9}.Release|ARM64.Build.0 = Release|Any CPU
		{B00A11F2-E99C-47CA-8202-37BD1A59DEB9}.Release|x64.ActiveCfg = Release|Any CPU
		{B00A11F2-E99C-47CA-8202-37BD1A59DEB9}.Release|x64.Build.0 = Release|Any CPU
		{B00A11F2-E99C-47CA-8202-37BD1A59DEB9}.Release|x86.ActiveCfg = Release|Any CPU
		{B00A11F2-E99C-47CA-8202-37BD1A59DEB9}.Release|x86.Build.0 = Release|Any CPU
		{7C783C75-2832-46E3-BE5A-3086059F88DA}.Debug|Any CPU.ActiveCfg = Debug|Any CPU
		{7C783C75-2832-46E3-BE5A-3086059F88DA}.Debug|Any CPU.Build.0 = Debug|Any CPU
		{7C783C75-2832-46E3-BE5A-3086059F88DA}.Debug|ARM.ActiveCfg = Debug|Any CPU
		{7C783C75-2832-46E3-BE5A-3086059F88DA}.Debug|ARM.Build.0 = Debug|Any CPU
		{7C783C75-2832-46E3-BE5A-3086059F88DA}.Debug|ARM64.ActiveCfg = Debug|Any CPU
		{7C783C75-2832-46E3-BE5A-3086059F88DA}.Debug|ARM64.Build.0 = Debug|Any CPU
		{7C783C75-2832-46E3-BE5A-3086059F88DA}.Debug|x64.ActiveCfg = Debug|Any CPU
		{7C783C75-2832-46E3-BE5A-3086059F88DA}.Debug|x64.Build.0 = Debug|Any CPU
		{7C783C75-2832-46E3-BE5A-3086059F88DA}.Debug|x86.ActiveCfg = Debug|Any CPU
		{7C783C75-2832-46E3-BE5A-3086059F88DA}.Debug|x86.Build.0 = Debug|Any CPU
		{7C783C75-2832-46E3-BE5A-3086059F88DA}.Release|Any CPU.ActiveCfg = Release|Any CPU
		{7C783C75-2832-46E3-BE5A-3086059F88DA}.Release|Any CPU.Build.0 = Release|Any CPU
		{7C783C75-2832-46E3-BE5A-3086059F88DA}.Release|ARM.ActiveCfg = Release|Any CPU
		{7C783C75-2832-46E3-BE5A-3086059F88DA}.Release|ARM.Build.0 = Release|Any CPU
		{7C783C75-2832-46E3-BE5A-3086059F88DA}.Release|ARM64.ActiveCfg = Release|Any CPU
		{7C783C75-2832-46E3-BE5A-3086059F88DA}.Release|ARM64.Build.0 = Release|Any CPU
		{7C783C75-2832-46E3-BE5A-3086059F88DA}.Release|x64.ActiveCfg = Release|Any CPU
		{7C783C75-2832-46E3-BE5A-3086059F88DA}.Release|x64.Build.0 = Release|Any CPU
		{7C783C75-2832-46E3-BE5A-3086059F88DA}.Release|x86.ActiveCfg = Release|Any CPU
		{7C783C75-2832-46E3-BE5A-3086059F88DA}.Release|x86.Build.0 = Release|Any CPU
		{DBC99C0E-F918-4E3B-B154-C03E212D8ACA}.Debug|Any CPU.ActiveCfg = Debug|Any CPU
		{DBC99C0E-F918-4E3B-B154-C03E212D8ACA}.Debug|Any CPU.Build.0 = Debug|Any CPU
		{DBC99C0E-F918-4E3B-B154-C03E212D8ACA}.Debug|ARM.ActiveCfg = Debug|Any CPU
		{DBC99C0E-F918-4E3B-B154-C03E212D8ACA}.Debug|ARM.Build.0 = Debug|Any CPU
		{DBC99C0E-F918-4E3B-B154-C03E212D8ACA}.Debug|ARM64.ActiveCfg = Debug|Any CPU
		{DBC99C0E-F918-4E3B-B154-C03E212D8ACA}.Debug|ARM64.Build.0 = Debug|Any CPU
		{DBC99C0E-F918-4E3B-B154-C03E212D8ACA}.Debug|x64.ActiveCfg = Debug|Any CPU
		{DBC99C0E-F918-4E3B-B154-C03E212D8ACA}.Debug|x64.Build.0 = Debug|Any CPU
		{DBC99C0E-F918-4E3B-B154-C03E212D8ACA}.Debug|x86.ActiveCfg = Debug|Any CPU
		{DBC99C0E-F918-4E3B-B154-C03E212D8ACA}.Debug|x86.Build.0 = Debug|Any CPU
		{DBC99C0E-F918-4E3B-B154-C03E212D8ACA}.Release|Any CPU.ActiveCfg = Release|Any CPU
		{DBC99C0E-F918-4E3B-B154-C03E212D8ACA}.Release|Any CPU.Build.0 = Release|Any CPU
		{DBC99C0E-F918-4E3B-B154-C03E212D8ACA}.Release|ARM.ActiveCfg = Release|Any CPU
		{DBC99C0E-F918-4E3B-B154-C03E212D8ACA}.Release|ARM.Build.0 = Release|Any CPU
		{DBC99C0E-F918-4E3B-B154-C03E212D8ACA}.Release|ARM64.ActiveCfg = Release|Any CPU
		{DBC99C0E-F918-4E3B-B154-C03E212D8ACA}.Release|ARM64.Build.0 = Release|Any CPU
		{DBC99C0E-F918-4E3B-B154-C03E212D8ACA}.Release|x64.ActiveCfg = Release|Any CPU
		{DBC99C0E-F918-4E3B-B154-C03E212D8ACA}.Release|x64.Build.0 = Release|Any CPU
		{DBC99C0E-F918-4E3B-B154-C03E212D8ACA}.Release|x86.ActiveCfg = Release|Any CPU
		{DBC99C0E-F918-4E3B-B154-C03E212D8ACA}.Release|x86.Build.0 = Release|Any CPU
	EndGlobalSection
	GlobalSection(SolutionProperties) = preSolution
		HideSolutionNode = FALSE
	EndGlobalSection
	GlobalSection(NestedProjects) = preSolution
		{145707DC-A1F3-4DE6-B0F2-2B5E24C05155} = {C1095EB0-C578-4BC0-AF7F-8E9A23AC28FD}
		{89955544-91A1-472D-A337-56142620E864} = {C1095EB0-C578-4BC0-AF7F-8E9A23AC28FD}
		{B00A11F2-E99C-47CA-8202-37BD1A59DEB9} = {C1095EB0-C578-4BC0-AF7F-8E9A23AC28FD}
		{7C783C75-2832-46E3-BE5A-3086059F88DA} = {C1095EB0-C578-4BC0-AF7F-8E9A23AC28FD}
		{DBC99C0E-F918-4E3B-B154-C03E212D8ACA} = {C1095EB0-C578-4BC0-AF7F-8E9A23AC28FD}
	EndGlobalSection
	GlobalSection(ExtensibilityGlobals) = postSolution
		SolutionGuid = {BDA228A8-A594-4776-9ED6-1330F99DF09F}
	EndGlobalSection
EndGlobal
